
Microsoft Visual Studio Solution File, Format Version 12.00
# Visual Studio Version 17
VisualStudioVersion = 17.7.34031.279
MinimumVisualStudioVersion = 10.0.40219.1
Project("{9A19103F-16F7-4668-BE54-9A1E7A4F7556}") = "AdmiPanel", "AdmiPanel\AdmiPanel.csproj", "{509FAE4D-B8BC-481F-A941-2B0967558A62}"
EndProject
Global
	GlobalSection(SolutionConfigurationPlatforms) = preSolution
		Debug|Any CPU = Debug|Any CPU
		Release|Any CPU = Release|Any CPU
	EndGlobalSection
	GlobalSection(ProjectConfigurationPlatforms) = postSolution
		{509FAE4D-B8BC-481F-A941-2B0967558A62}.Debug|Any CPU.ActiveCfg = Debug|Any CPU
		{509FAE4D-B8BC-481F-A941-2B0967558A62}.Debug|Any CPU.Build.0 = Debug|Any CPU
		{509FAE4D-B8BC-481F-A941-2B0967558A62}.Release|Any CPU.ActiveCfg = Release|Any CPU
		{509FAE4D-B8BC-481F-A941-2B0967558A62}.Release|Any CPU.Build.0 = Release|Any CPU
	EndGlobalSection
	GlobalSection(SolutionProperties) = preSolution
		HideSolutionNode = FALSE
	EndGlobalSection
	GlobalSection(ExtensibilityGlobals) = postSolution
		SolutionGuid = {8E44AFED-4AE2-46B4-9FBD-C385635341A0}
	EndGlobalSection
EndGlobal
